
Microsoft Visual Studio Solution File, Format Version 12.00
# Visual Studio Version 16
VisualStudioVersion = 16.0.31112.23
MinimumVisualStudioVersion = 10.0.40219.1
Project("{FAE04EC0-301F-11D3-BF4B-00C04F79EFBC}") = "SignalR", "SignalR\SignalR.csproj", "{4F1D9FDE-B6BF-46D5-8CBC-23E320ABCFAB}"
EndProject
Global
	GlobalSection(SolutionConfigurationPlatforms) = preSolution
		Debug|Any CPU = Debug|Any CPU
		Release|Any CPU = Release|Any CPU
	EndGlobalSection
	GlobalSection(ProjectConfigurationPlatforms) = postSolution
		{4F1D9FDE-B6BF-46D5-8CBC-23E320ABCFAB}.Debug|Any CPU.ActiveCfg = Debug|Any CPU
		{4F1D9FDE-B6BF-46D5-8CBC-23E320ABCFAB}.Debug|Any CPU.Build.0 = Debug|Any CPU
		{4F1D9FDE-B6BF-46D5-8CBC-23E320ABCFAB}.Release|Any CPU.ActiveCfg = Release|Any CPU
		{4F1D9FDE-B6BF-46D5-8CBC-23E320ABCFAB}.Release|Any CPU.Build.0 = Release|Any CPU
	EndGlobalSection
	GlobalSection(SolutionProperties) = preSolution
		HideSolutionNode = FALSE
	EndGlobalSection
	GlobalSection(ExtensibilityGlobals) = postSolution
		SolutionGuid = {D0E6551A-5E3C-4F1C-A1D2-2F142D96785B}
	EndGlobalSection
EndGlobal
